
Microsoft Visual Studio Solution File, Format Version 12.00
# Visual Studio Version 16
VisualStudioVersion = 16.0.30523.141
MinimumVisualStudioVersion = 10.0.40219.1
Project("{FAE04EC0-301F-11D3-BF4B-00C04F79EFBC}") = "Interface Segregation Principle", "Interface Segregation Principle\Interface Segregation Principle.csproj", "{42416D76-0ECA-4870-BD85-F8E731E62A75}"
EndProject
Global
	GlobalSection(SolutionConfigurationPlatforms) = preSolution
		Debug|Any CPU = Debug|Any CPU
		Release|Any CPU = Release|Any CPU
	EndGlobalSection
	GlobalSection(ProjectConfigurationPlatforms) = postSolution
		{42416D76-0ECA-4870-BD85-F8E731E62A75}.Debug|Any CPU.ActiveCfg = Debug|Any CPU
		{42416D76-0ECA-4870-BD85-F8E731E62A75}.Debug|Any CPU.Build.0 = Debug|Any CPU
		{42416D76-0ECA-4870-BD85-F8E731E62A75}.Release|Any CPU.ActiveCfg = Release|Any CPU
		{42416D76-0ECA-4870-BD85-F8E731E62A75}.Release|Any CPU.Build.0 = Release|Any CPU
	EndGlobalSection
	GlobalSection(SolutionProperties) = preSolution
		HideSolutionNode = FALSE
	EndGlobalSection
	GlobalSection(ExtensibilityGlobals) = postSolution
		SolutionGuid = {BAB6B1D0-37F2-40D6-9061-FE8F53063246}
	EndGlobalSection
EndGlobal
